{
  "name": "vuepress-theme-zp",
  "version": "0.0.1",
  "lockfileVersion": 1,
  "requires": true,
  "dependencies": {
    "@vuepress/plugin-blog": {
      "version": "1.2.4",
      "resolved": "https://registry.npm.taobao.org/@vuepress/plugin-blog/download/@vuepress/plugin-blog-1.2.4.tgz",
      "integrity": "sha1-P/l+67MESZHNDQ94DAI1X2T6xKI=",
      "requires": {
        "vuejs-paginate": "^2.1.0"
      }
    },
    "vuejs-paginate": {
      "version": "2.1.0",
      "resolved": "https://registry.npm.taobao.org/vuejs-paginate/download/vuejs-paginate-2.1.0.tgz",
      "integrity": "sha1-k+GtFTm3E6aIx6LTCAvaYPzGx30="
    }
  }
}
